// !$*UTF8*$!
{
	archiveVersion = 1;
	classes = {
	};
	objectVersion = 50;
	objects = {

/* Begin PBXBuildFile section */
		8E9023222555FC1300AC4EFA /* AppDelegate.swift in Sources */ = {isa = PBXBuildFile; fileRef = 8E9023212555FC1300AC4EFA /* AppDelegate.swift */; };
		8E9023242555FC1300AC4EFA /* SceneDelegate.swift in Sources */ = {isa = PBXBuildFile; fileRef = 8E9023232555FC1300AC4EFA /* SceneDelegate.swift */; };
		8E9023262555FC1300AC4EFA /* ViewController.swift in Sources */ = {isa = PBXBuildFile; fileRef = 8E9023252555FC1300AC4EFA /* ViewController.swift */; };
		8E9023292555FC1300AC4EFA /* Main.storyboard in Resources */ = {isa = PBXBuildFile; fileRef = 8E9023272555FC1300AC4EFA /* Main.storyboard */; };
		8E90232B2555FC1400AC4EFA /* Assets.xcassets in Resources */ = {isa = PBXBuildFile; fileRef = 8E90232A2555FC1400AC4EFA /* Assets.xcassets */; };
		8E90232E2555FC1400AC4EFA /* LaunchScreen.storyboard in Resources */ = {isa = PBXBuildFile; fileRef = 8E90232C2555FC1400AC4EFA /* LaunchScreen.storyboard */; };
		8E9023392555FC1500AC4EFA /* tipTests.swift in Sources */ = {isa = PBXBuildFile; fileRef = 8E9023382555FC1500AC4EFA /* tipTests.swift */; };
		8E9023442555FC1500AC4EFA /* tipUITests.swift in Sources */ = {isa = PBXBuildFile; fileRef = 8E9023432555FC1500AC4EFA /* tipUITests.swift */; };
/* End PBXBuildFile section */

/* Begin PBXContainerItemProxy section */
		8E9023352555FC1500AC4EFA /* PBXContainerItemProxy */ = {
			isa = PBXContainerItemProxy;
			containerPortal = 8E9023162555FC1300AC4EFA /* Project object */;
			proxyType = 1;
			remoteGlobalIDString = 8E90231D2555FC1300AC4EFA;
			remoteInfo = tip;
		};
		8E9023402555FC1500AC4EFA /* PBXContainerItemProxy */ = {
			isa = PBXContainerItemProxy;
			containerPortal = 8E9023162555FC1300AC4EFA /* Project object */;
			proxyType = 1;
			remoteGlobalIDString = 8E90231D2555FC1300AC4EFA;
			remoteInfo = tip;
		};
/* End PBXContainerItemProxy section */

/* Begin PBXFileReference section */
		8E90231E2555FC1300AC4EFA /* tip.app */ = {isa = PBXFileReference; explicitFileType = wrapper.application; includeInIndex = 0; path = tip.app; sourceTree = BUILT_PRODUCTS_DIR; };
		8E9023212555FC1300AC4EFA /* AppDelegate.swift */ = {isa = PBXFileReference; lastKnownFileType = sourcecode.swift; path = AppDelegate.swift; sourceTree = "<group>"; };
		8E9023232555FC1300AC4EFA /* SceneDelegate.swift */ = {isa = PBXFileReference; lastKnownFileType = sourcecode.swift; path = SceneDelegate.swift; sourceTree = "<group>"; };
		8E9023252555FC1300AC4EFA /* ViewController.swift */ = {isa = PBXFileReference; lastKnownFileType = sourcecode.swift; path = ViewController.swift; sourceTree = "<group>"; };
		8E9023282555FC1300AC4EFA /* Base */ = {isa = PBXFileReference; lastKnownFileType = file.storyboard; name = Base; path = Base.lproj/Main.storyboard; sourceTree = "<group>"; };
		8E90232A2555FC1400AC4EFA /* Assets.xcassets */ = {isa = PBXFileReference; lastKnownFileType = folder.assetcatalog; path = Assets.xcassets; sourceTree = "<group>"; };
		8E90232D2555FC1400AC4EFA /* Base */ = {isa = PBXFileReference; lastKnownFileType = file.storyboard; name = Base; path = Base.lproj/LaunchScreen.storyboard; sourceTree = "<group>"; };
		8E90232F2555FC1400AC4EFA /* Info.plist */ = {isa = PBXFileReference; lastKnownFileType = text.plist.xml; path = Info.plist; sourceTree = "<group>"; };
		8E9023342555FC1500AC4EFA /* tipTests.xctest */ = {isa = PBXFileReference; explicitFileType = wrapper.cfbundle; includeInIndex = 0; path = tipTests.xctest; sourceTree = BUILT_PRODUCTS_DIR; };
		8E9023382555FC1500AC4EFA /* tipTests.swift */ = {isa = PBXFileReference; lastKnownFileType = sourcecode.swift; path = tipTests.swift; sourceTree = "<group>"; };
		8E90233A2555FC1500AC4EFA /* Info.plist */ = {isa = PBXFileReference; lastKnownFileType = text.plist.xml; path = Info.plist; sourceTree = "<group>"; };
		8E90233F2555FC1500AC4EFA /* tipUITests.xctest */ = {isa = PBXFileReference; explicitFileType = wrapper.cfbundle; includeInIndex = 0; path = tipUITests.xctest; sourceTree = BUILT_PRODUCTS_DIR; };
		8E9023432555FC1500AC4EFA /* tipUITests.swift */ = {isa = PBXFileReference; lastKnownFileType = sourcecode.swift; path = tipUITests.swift; sourceTree = "<group>"; };
		8E9023452555FC1500AC4EFA /* Info.plist */ = {isa = PBXFileReference; lastKnownFileType = text.plist.xml; path = Info.plist; sourceTree = "<group>"; };
/* End PBXFileReference section */

/* Begin PBXFrameworksBuildPhase section */
		8E90231B2555FC1300AC4EFA /* Frameworks */ = {
			isa = PBXFrameworksBuildPhase;
			buildActionMask = 2147483647;
			files = (
			);
			runOnlyForDeploymentPostprocessing = 0;
		};
		8E9023312555FC1500AC4EFA /* Frameworks */ = {
			isa = PBXFrameworksBuildPhase;
			buildActionMask = 2147483647;
			files = (
			);
			runOnlyForDeploymentPostprocessing = 0;
		};
		8E90233C2555FC1500AC4EFA /* Frameworks */ = {
			isa = PBXFrameworksBuildPhase;
			buildActionMask = 2147483647;
			files = (
			);
			runOnlyForDeploymentPostprocessing = 0;
		};
/* End PBXFrameworksBuildPhase section */

/* Begin PBXGroup section */
		8E9023152555FC1300AC4EFA = {
			isa = PBXGroup;
			children = (
				8E9023202555FC1300AC4EFA /* tip */,
				8E9023372555FC1500AC4EFA /* tipTests */,
				8E9023422555FC1500AC4EFA /* tipUITests */,
				8E90231F2555FC1300AC4EFA /* Products */,
			);
			sourceTree = "<group>";
		};
		8E90231F2555FC1300AC4EFA /* Products */ = {
			isa = PBXGroup;
			children = (
				8E90231E2555FC1300AC4EFA /* tip.app */,
				8E9023342555FC1500AC4EFA /* tipTests.xctest */,
				8E90233F2555FC1500AC4EFA /* tipUITests.xctest */,
			);
			name = Products;
			sourceTree = "<group>";
		};
		8E9023202555FC1300AC4EFA /* tip */ = {
			isa = PBXGroup;
			children = (
				8E9023212555FC1300AC4EFA /* AppDelegate.swift */,
				8E9023232555FC1300AC4EFA /* SceneDelegate.swift */,
				8E9023252555FC1300AC4EFA /* ViewController.swift */,
				8E9023272555FC1300AC4EFA /* Main.storyboard */,
				8E90232A2555FC1400AC4EFA /* Assets.xcassets */,
				8E90232C2555FC1400AC4EFA /* LaunchScreen.storyboard */,
				8E90232F2555FC1400AC4EFA /* Info.plist */,
			);
			path = tip;
			sourceTree = "<group>";
		};
		8E9023372555FC1500AC4EFA /* tipTests */ = {
			isa = PBXGroup;
			children = (
				8E9023382555FC1500AC4EFA /* tipTests.swift */,
				8E90233A2555FC1500AC4EFA /* Info.plist */,
			);
			path = tipTests;
			sourceTree = "<group>";
		};
		8E9023422555FC1500AC4EFA /* tipUITests */ = {
			isa = PBXGroup;
			children = (
				8E9023432555FC1500AC4EFA /* tipUITests.swift */,
				8E9023452555FC1500AC4EFA /* Info.plist */,
			);
			path = tipUITests;
			sourceTree = "<group>";
		};
/* End PBXGroup section */

/* Begin PBXNativeTarget section */
		8E90231D2555FC1300AC4EFA /* tip */ = {
			isa = PBXNativeTarget;
			buildConfigurationList = 8E9023482555FC1500AC4EFA /* Build configuration list for PBXNativeTarget "tip" */;
			buildPhases = (
				8E90231A2555FC1300AC4EFA /* Sources */,
				8E90231B2555FC1300AC4EFA /* Frameworks */,
				8E90231C2555FC1300AC4EFA /* Resources */,
			);
			buildRules = (
			);
			dependencies = (
			);
			name = tip;
			productName = tip;
			productReference = 8E90231E2555FC1300AC4EFA /* tip.app */;
			productType = "com.apple.product-type.application";
		};
		8E9023332555FC1500AC4EFA /* tipTests */ = {
			isa = PBXNativeTarget;
			buildConfigurationList = 8E90234B2555FC1500AC4EFA /* Build configuration list for PBXNativeTarget "tipTests" */;
			buildPhases = (
				8E9023302555FC1500AC4EFA /* Sources */,
				8E9023312555FC1500AC4EFA /* Frameworks */,
				8E9023322555FC1500AC4EFA /* Resources */,
			);
			buildRules = (
			);
			dependencies = (
				8E9023362555FC1500AC4EFA /* PBXTargetDependency */,
			);
			name = tipTests;
			productName = tipTests;
			productReference = 8E9023342555FC1500AC4EFA /* tipTests.xctest */;
			productType = "com.apple.product-type.bundle.unit-test";
		};
		8E90233E2555FC1500AC4EFA /* tipUITests */ = {
			isa = PBXNativeTarget;
			buildConfigurationList = 8E90234E2555FC1500AC4EFA /* Build configuration list for PBXNativeTarget "tipUITests" */;
			buildPhases = (
				8E90233B2555FC1500AC4EFA /* Sources */,
				8E90233C2555FC1500AC4EFA /* Frameworks */,
				8E90233D2555FC1500AC4EFA /* Resources */,
			);
			buildRules = (
			);
			dependencies = (
				8E9023412555FC1500AC4EFA /* PBXTargetDependency */,
			);
			name = tipUITests;
			productName = tipUITests;
			productReference = 8E90233F2555FC1500AC4EFA /* tipUITests.xctest */;
			productType = "com.apple.product-type.bundle.ui-testing";
		};
/* End PBXNativeTarget section */

/* Begin PBXProject section */
		8E9023162555FC1300AC4EFA /* Project object */ = {
			isa = PBXProject;
			attributes = {
				LastSwiftUpdateCheck = 1210;
				LastUpgradeCheck = 1210;
				TargetAttributes = {
					8E90231D2555FC1300AC4EFA = {
						CreatedOnToolsVersion = 12.1;
					};
					8E9023332555FC1500AC4EFA = {
						CreatedOnToolsVersion = 12.1;
						TestTargetID = 8E90231D2555FC1300AC4EFA;
					};
					8E90233E2555FC1500AC4EFA = {
						CreatedOnToolsVersion = 12.1;
						TestTargetID = 8E90231D2555FC1300AC4EFA;
					};
				};
			};
			buildConfigurationList = 8E9023192555FC1300AC4EFA /* Build configuration list for PBXProject "tip" */;
			compatibilityVersion = "Xcode 9.3";
			developmentRegion = en;
			hasScannedForEncodings = 0;
			knownRegions = (
				en,
				Base,
			);
			mainGroup = 8E9023152555FC1300AC4EFA;
			productRefGroup = 8E90231F2555FC1300AC4EFA /* Products */;
			projectDirPath = "";
			projectRoot = "";
			targets = (
				8E90231D2555FC1300AC4EFA /* tip */,
				8E9023332555FC1500AC4EFA /* tipTests */,
				8E90233E2555FC1500AC4EFA /* tipUITests */,
			);
		};
/* End PBXProject section */

/* Begin PBXResourcesBuildPhase section */
		8E90231C2555FC1300AC4EFA /* Resources */ = {
			isa = PBXResourcesBuildPhase;
			buildActionMask = 2147483647;
			files = (
				8E90232E2555FC1400AC4EFA /* LaunchScreen.storyboard in Resources */,
				8E90232B2555FC1400AC4EFA /* Assets.xcassets in Resources */,
				8E9023292555FC1300AC4EFA /* Main.storyboard in Resources */,
			);
			runOnlyForDeploymentPostprocessing = 0;
		};
		8E9023322555FC1500AC4EFA /* Resources */ = {
			isa = PBXResourcesBuildPhase;
			buildActionMask = 2147483647;
			files = (
			);
			runOnlyForDeploymentPostprocessing = 0;
		};
		8E90233D2555FC1500AC4EFA /* Resources */ = {
			isa = PBXResourcesBuildPhase;
			buildActionMask = 2147483647;
			files = (
			);
			runOnlyForDeploymentPostprocessing = 0;
		};
/* End PBXResourcesBuildPhase section */

/* Begin PBXSourcesBuildPhase section */
		8E90231A2555FC1300AC4EFA /* Sources */ = {
			isa = PBXSourcesBuildPhase;
			buildActionMask = 2147483647;
			files = (
				8E9023262555FC1300AC4EFA /* ViewController.swift in Sources */,
				8E9023222555FC1300AC4EFA /* AppDelegate.swift in Sources */,
				8E9023242555FC1300AC4EFA /* SceneDelegate.swift in Sources */,
			);
			runOnlyForDeploymentPostprocessing = 0;
		};
		8E9023302555FC1500AC4EFA /* Sources */ = {
			isa = PBXSourcesBuildPhase;
			buildActionMask = 2147483647;
			files = (
				8E9023392555FC1500AC4EFA /* tipTests.swift in Sources */,
			);
			runOnlyForDeploymentPostprocessing = 0;
		};
		8E90233B2555FC1500AC4EFA /* Sources */ = {
			isa = PBXSourcesBuildPhase;
			buildActionMask = 2147483647;
			files = (
				8E9023442555FC1500AC4EFA /* tipUITests.swift in Sources */,
			);
			runOnlyForDeploymentPostprocessing = 0;
		};
/* End PBXSourcesBuildPhase section */

/* Begin PBXTargetDependency section */
		8E9023362555FC1500AC4EFA /* PBXTargetDependency */ = {
			isa = PBXTargetDependency;
			target = 8E90231D2555FC1300AC4EFA /* tip */;
			targetProxy = 8E9023352555FC1500AC4EFA /* PBXContainerItemProxy */;
		};
		8E9023412555FC1500AC4EFA /* PBXTargetDependency */ = {
			isa = PBXTargetDependency;
			target = 8E90231D2555FC1300AC4EFA /* tip */;
			targetProxy = 8E9023402555FC1500AC4EFA /* PBXContainerItemProxy */;
		};
/* End PBXTargetDependency section */

/* Begin PBXVariantGroup section */
		8E9023272555FC1300AC4EFA /* Main.storyboard */ = {
			isa = PBXVariantGroup;
			children = (
				8E9023282555FC1300AC4EFA /* Base */,
			);
			name = Main.storyboard;
			sourceTree = "<group>";
		};
		8E90232C2555FC1400AC4EFA /* LaunchScreen.storyboard */ = {
			isa = PBXVariantGroup;
			children = (
				8E90232D2555FC1400AC4EFA /* Base */,
			);
			name = LaunchScreen.storyboard;
			sourceTree = "<group>";
		};
/* End PBXVariantGroup section */

/* Begin XCBuildConfiguration section */
		8E9023462555FC1500AC4EFA /* Debug */ = {
			isa = XCBuildConfiguration;
			buildSettings = {
				ALWAYS_SEARCH_USER_PATHS = NO;
				CLANG_ANALYZER_NONNULL = YES;
				CLANG_ANALYZER_NUMBER_OBJECT_CONVERSION = YES_AGGRESSIVE;
				CLANG_CXX_LANGUAGE_STANDARD = "gnu++14";
				CLANG_CXX_LIBRARY = "libc++";
				CLANG_ENABLE_MODULES = YES;
				CLANG_ENABLE_OBJC_ARC = YES;
				CLANG_ENABLE_OBJC_WEAK = YES;
				CLANG_WARN_BLOCK_CAPTURE_AUTORELEASING = YES;
				CLANG_WARN_BOOL_CONVERSION = YES;
				CLANG_WARN_COMMA = YES;
				CLANG_WARN_CONSTANT_CONVERSION = YES;
				CLANG_WARN_DEPRECATED_OBJC_IMPLEMENTATIONS = YES;
				CLANG_WARN_DIRECT_OBJC_ISA_USAGE = YES_ERROR;
				CLANG_WARN_DOCUMENTATION_COMMENTS = YES;
				CLANG_WARN_EMPTY_BODY = YES;
				CLANG_WARN_ENUM_CONVERSION = YES;
				CLANG_WARN_INFINITE_RECURSION = YES;
				CLANG_WARN_INT_CONVERSION = YES;
				CLANG_WARN_NON_LITERAL_NULL_CONVERSION = YES;
				CLANG_WARN_OBJC_IMPLICIT_RETAIN_SELF = YES;
				CLANG_WARN_OBJC_LITERAL_CONVERSION = YES;
				CLANG_WARN_OBJC_ROOT_CLASS = YES_ERROR;
				CLANG_WARN_QUOTED_INCLUDE_IN_FRAMEWORK_HEADER = YES;
				CLANG_WARN_RANGE_LOOP_ANALYSIS = YES;
				CLANG_WARN_STRICT_PROTOTYPES = YES;
				CLANG_WARN_SUSPICIOUS_MOVE = YES;
				CLANG_WARN_UNGUARDED_AVAILABILITY = YES_AGGRESSIVE;
				CLANG_WARN_UNREACHABLE_CODE = YES;
				CLANG_WARN__DUPLICATE_METHOD_MATCH = YES;
				COPY_PHASE_STRIP = NO;
				DEBUG_INFORMATION_FORMAT = dwarf;
				ENABLE_STRICT_OBJC_MSGSEND = YES;
				ENABLE_TESTABILITY = YES;
				GCC_C_LANGUAGE_STANDARD = gnu11;
				GCC_DYNAMIC_NO_PIC = NO;
				GCC_NO_COMMON_BLOCKS = YES;
				GCC_OPTIMIZATION_LEVEL = 0;
				GCC_PREPROCESSOR_DEFINITIONS = (
					"DEBUG=1",
					"$(inherited)",
				);
				GCC_WARN_64_TO_32_BIT_CONVERSION = YES;
				GCC_WARN_ABOUT_RETURN_TYPE = YES_ERROR;
				GCC_WARN_UNDECLARED_SELECTOR = YES;
				GCC_WARN_UNINITIALIZED_AUTOS = YES_AGGRESSIVE;
				GCC_WARN_UNUSED_FUNCTION = YES;
				GCC_WARN_UNUSED_VARIABLE = YES;
				IPHONEOS_DEPLOYMENT_TARGET = 14.1;
				MTL_ENABLE_DEBUG_INFO = INCLUDE_SOURCE;
				MTL_FAST_MATH = YES;
				ONLY_ACTIVE_ARCH = YES;
				SDKROOT = iphoneos;
				SWIFT_ACTIVE_COMPILATION_CONDITIONS = DEBUG;
				SWIFT_OPTIMIZATION_LEVEL = "-Onone";
			};
			name = Debug;
		};
		8E9023472555FC1500AC4EFA /* Release */ = {
			isa = XCBuildConfiguration;
			buildSettings = {
				ALWAYS_SEARCH_USER_PATHS = NO;
				CLANG_ANALYZER_NONNULL = YES;
				CLANG_ANALYZER_NUMBER_OBJECT_CONVERSION = YES_AGGRESSIVE;
				CLANG_CXX_LANGUAGE_STANDARD = "gnu++14";
				CLANG_CXX_LIBRARY = "libc++";
				CLANG_ENABLE_MODULES = YES;
				CLANG_ENABLE_OBJC_ARC = YES;
				CLANG_ENABLE_OBJC_WEAK = YES;
				CLANG_WARN_BLOCK_CAPTURE_AUTORELEASING = YES;
				CLANG_WARN_BOOL_CONVERSION = YES;
				CLANG_WARN_COMMA = YES;
				CLANG_WARN_CONSTANT_CONVERSION = YES;
				CLANG_WARN_DEPRECATED_OBJC_IMPLEMENTATIONS = YES;
				CLANG_WARN_DIRECT_OBJC_ISA_USAGE = YES_ERROR;
				CLANG_WARN_DOCUMENTATION_COMMENTS = YES;
				CLANG_WARN_EMPTY_BODY = YES;
				CLANG_WARN_ENUM_CONVERSION = YES;
				CLANG_WARN_INFINITE_RECURSION = YES;
				CLANG_WARN_INT_CONVERSION = YES;
				CLANG_WARN_NON_LITERAL_NULL_CONVERSION = YES;
				CLANG_WARN_OBJC_IMPLICIT_RETAIN_SELF = YES;
				CLANG_WARN_OBJC_LITERAL_CONVERSION = YES;
				CLANG_WARN_OBJC_ROOT_CLASS = YES_ERROR;
				CLANG_WARN_QUOTED_INCLUDE_IN_FRAMEWORK_HEADER = YES;
				CLANG_WARN_RANGE_LOOP_ANALYSIS = YES;
				CLANG_WARN_STRICT_PROTOTYPES = YES;
				CLANG_WARN_SUSPICIOUS_MOVE = YES;
				CLANG_WARN_UNGUARDED_AVAILABILITY = YES_AGGRESSIVE;
				CLANG_WARN_UNREACHABLE_CODE = YES;
				CLANG_WARN__DUPLICATE_METHOD_MATCH = YES;
				COPY_PHASE_STRIP = NO;
				DEBUG_INFORMATION_FORMAT = "dwarf-with-dsym";
				ENABLE_NS_ASSERTIONS = NO;
				ENABLE_STRICT_OBJC_MSGSEND = YES;
				GCC_C_LANGUAGE_STANDARD = gnu11;
				GCC_NO_COMMON_BLOCKS = YES;
				GCC_WARN_64_TO_32_BIT_CONVERSION = YES;
				GCC_WARN_ABOUT_RETURN_TYPE = YES_ERROR;
				GCC_WARN_UNDECLARED_SELECTOR = YES;
				GCC_WARN_UNINITIALIZED_AUTOS = YES_AGGRESSIVE;
				GCC_WARN_UNUSED_FUNCTION = YES;
				GCC_WARN_UNUSED_VARIABLE = YES;
				IPHONEOS_DEPLOYMENT_TARGET = 14.1;
				MTL_ENABLE_DEBUG_INFO = NO;
				MTL_FAST_MATH = YES;
				SDKROOT = iphoneos;
				SWIFT_COMPILATION_MODE = wholemodule;
				SWIFT_OPTIMIZATION_LEVEL = "-O";
				VALIDATE_PRODUCT = YES;
			};
			name = Release;
		};
		8E9023492555FC1500AC4EFA /* Debug */ = {
			isa = XCBuildConfiguration;
			buildSettings = {
				ASSETCATALOG_COMPILER_APPICON_NAME = AppIcon;
				ASSETCATALOG_COMPILER_GLOBAL_ACCENT_COLOR_NAME = AccentColor;
				CODE_SIGN_STYLE = Automatic;
				INFOPLIST_FILE = tip/Info.plist;
				LD_RUNPATH_SEARCH_PATHS = (
					"$(inherited)",
					"@executable_path/Frameworks",
				);
				PRODUCT_BUNDLE_IDENTIFIER = Codepath.tip;
				PRODUCT_NAME = "$(TARGET_NAME)";
				SWIFT_VERSION = 5.0;
				TARGETED_DEVICE_FAMILY = "1,2";
			};
			name = Debug;
		};
		8E90234A2555FC1500AC4EFA /* Release */ = {
			isa = XCBuildConfiguration;
			buildSettings = {
				ASSETCATALOG_COMPILER_APPICON_NAME = AppIcon;
				ASSETCATALOG_COMPILER_GLOBAL_ACCENT_COLOR_NAME = AccentColor;
				CODE_SIGN_STYLE = Automatic;
				INFOPLIST_FILE = tip/Info.plist;
				LD_RUNPATH_SEARCH_PATHS = (
					"$(inherited)",
					"@executable_path/Frameworks",
				);
				PRODUCT_BUNDLE_IDENTIFIER = Codepath.tip;
				PRODUCT_NAME = "$(TARGET_NAME)";
				SWIFT_VERSION = 5.0;
				TARGETED_DEVICE_FAMILY = "1,2";
			};
			name = Release;
		};
		8E90234C2555FC1500AC4EFA /* Debug */ = {
			isa = XCBuildConfiguration;
			buildSettings = {
				ALWAYS_EMBED_SWIFT_STANDARD_LIBRARIES = YES;
				BUNDLE_LOADER = "$(TEST_HOST)";
				CODE_SIGN_STYLE = Automatic;
				INFOPLIST_FILE = tipTests/Info.plist;
				IPHONEOS_DEPLOYMENT_TARGET = 14.1;
				LD_RUNPATH_SEARCH_PATHS = (
					"$(inherited)",
					"@executable_path/Frameworks",
					"@loader_path/Frameworks",
				);
				PRODUCT_BUNDLE_IDENTIFIER = Codepath.tipTests;
				PRODUCT_NAME = "$(TARGET_NAME)";
				SWIFT_VERSION = 5.0;
				TARGETED_DEVICE_FAMILY = "1,2";
				TEST_HOST = "$(BUILT_PRODUCTS_DIR)/tip.app/tip";
			};
			name = Debug;
		};
		8E90234D2555FC1500AC4EFA /* Release */ = {
			isa = XCBuildConfiguration;
			buildSettings = {
				ALWAYS_EMBED_SWIFT_STANDARD_LIBRARIES = YES;
				BUNDLE_LOADER = "$(TEST_HOST)";
				CODE_SIGN_STYLE = Automatic;
				INFOPLIST_FILE = tipTests/Info.plist;
				IPHONEOS_DEPLOYMENT_TARGET = 14.1;
				LD_RUNPATH_SEARCH_PATHS = (
					"$(inherited)",
					"@executable_path/Frameworks",
					"@loader_path/Frameworks",
				);
				PRODUCT_BUNDLE_IDENTIFIER = Codepath.tipTests;
				PRODUCT_NAME = "$(TARGET_NAME)";
				SWIFT_VERSION = 5.0;
				TARGETED_DEVICE_FAMILY = "1,2";
				TEST_HOST = "$(BUILT_PRODUCTS_DIR)/tip.app/tip";
			};
			name = Release;
		};
		8E90234F2555FC1500AC4EFA /* Debug */ = {
			isa = XCBuildConfiguration;
			buildSettings = {
				ALWAYS_EMBED_SWIFT_STANDARD_LIBRARIES = YES;
				CODE_SIGN_STYLE = Automatic;
				INFOPLIST_FILE = tipUITests/Info.plist;
				LD_RUNPATH_SEARCH_PATHS = (
					"$(inherited)",
					"@executable_path/Frameworks",
					"@loader_path/Frameworks",
				);
				PRODUCT_BUNDLE_IDENTIFIER = Codepath.tipUITests;
				PRODUCT_NAME = "$(TARGET_NAME)";
				SWIFT_VERSION = 5.0;
				TARGETED_DEVICE_FAMILY = "1,2";
				TEST_TARGET_NAME = tip;
			};
			name = Debug;
		};
		8E9023502555FC1500AC4EFA /* Release */ = {
			isa = XCBuildConfiguration;
			buildSettings = {
				ALWAYS_EMBED_SWIFT_STANDARD_LIBRARIES = YES;
				CODE_SIGN_STYLE = Automatic;
				INFOPLIST_FILE = tipUITests/Info.plist;
				LD_RUNPATH_SEARCH_PATHS = (
					"$(inherited)",
					"@executable_path/Frameworks",
					"@loader_path/Frameworks",
				);
				PRODUCT_BUNDLE_IDENTIFIER = Codepath.tipUITests;
				PRODUCT_NAME = "$(TARGET_NAME)";
				SWIFT_VERSION = 5.0;
				TARGETED_DEVICE_FAMILY = "1,2";
				TEST_TARGET_NAME = tip;
			};
			name = Release;
		};
/* End XCBuildConfiguration section */

/* Begin XCConfigurationList section */
		8E9023192555FC1300AC4EFA /* Build configuration list for PBXProject "tip" */ = {
			isa = XCConfigurationList;
			buildConfigurations = (
				8E9023462555FC1500AC4EFA /* Debug */,
				8E9023472555FC1500AC4EFA /* Release */,
			);
			defaultConfigurationIsVisible = 0;
			defaultConfigurationName = Release;
		};
		8E9023482555FC1500AC4EFA /* Build configuration list for PBXNativeTarget "tip" */ = {
			isa = XCConfigurationList;
			buildConfigurations = (
				8E9023492555FC1500AC4EFA /* Debug */,
				8E90234A2555FC1500AC4EFA /* Release */,
			);
			defaultConfigurationIsVisible = 0;
			defaultConfigurationName = Release;
		};
		8E90234B2555FC1500AC4EFA /* Build configuration list for PBXNativeTarget "tipTests" */ = {
			isa = XCConfigurationList;
			buildConfigurations = (
				8E90234C2555FC1500AC4EFA /* Debug */,
				8E90234D2555FC1500AC4EFA /* Release */,
			);
			defaultConfigurationIsVisible = 0;
			defaultConfigurationName = Release;
		};
		8E90234E2555FC1500AC4EFA /* Build configuration list for PBXNativeTarget "tipUITests" */ = {
			isa = XCConfigurationList;
			buildConfigurations = (
				8E90234F2555FC1500AC4EFA /* Debug */,
				8E9023502555FC1500AC4EFA /* Release */,
			);
			defaultConfigurationIsVisible = 0;
			defaultConfigurationName = Release;
		};
/* End XCConfigurationList section */
	};
	rootObject = 8E9023162555FC1300AC4EFA /* Project object */;
}
